
Microsoft Visual Studio Solution File, Format Version 12.00
# Visual Studio Version 17
VisualStudioVersion = 17.4.33403.182
MinimumVisualStudioVersion = 10.0.40219.1
Project("{FAE04EC0-301F-11D3-BF4B-00C04F79EFBC}") = "BeSpokedBikesSalseTrackingApp", "BeSpokedBikesSalseTrackingApp.csproj", "{832D8761-8B7C-408D-8ED7-9AB68FE543BB}"
EndProject
Global
	GlobalSection(SolutionConfigurationPlatforms) = preSolution
		Debug|Any CPU = Debug|Any CPU
		Release|Any CPU = Release|Any CPU
	EndGlobalSection
	GlobalSection(ProjectConfigurationPlatforms) = postSolution
		{832D8761-8B7C-408D-8ED7-9AB68FE543BB}.Debug|Any CPU.ActiveCfg = Debug|Any CPU
		{832D8761-8B7C-408D-8ED7-9AB68FE543BB}.Debug|Any CPU.Build.0 = Debug|Any CPU
		{832D8761-8B7C-408D-8ED7-9AB68FE543BB}.Release|Any CPU.ActiveCfg = Release|Any CPU
		{832D8761-8B7C-408D-8ED7-9AB68FE543BB}.Release|Any CPU.Build.0 = Release|Any CPU
	EndGlobalSection
	GlobalSection(SolutionProperties) = preSolution
		HideSolutionNode = FALSE
	EndGlobalSection
	GlobalSection(ExtensibilityGlobals) = postSolution
		SolutionGuid = {30B323A4-6019-4BC5-8A00-54FF78028FC3}
	EndGlobalSection
EndGlobal
